# This is a Gradle generated file for dependency locking.
# Manual edits can break the build and are not advised.
# This file is expected to be part of source control.
net.auoeke:reflect:5.2.1=annotationProcessor,compileClasspath,runtimeClasspath,testAnnotationProcessor,testCompileClasspath,testRuntimeClasspath
net.auoeke:uncheck:0.3.4=annotationProcessor,testAnnotationProcessor
net.auoeke:unsafe:1.7.1=annotationProcessor,compileClasspath,runtimeClasspath,testAnnotationProcessor,testCompileClasspath,testRuntimeClasspath
net.bytebuddy:byte-buddy-agent:1.12.16=compileClasspath,runtimeClasspath,testCompileClasspath,testRuntimeClasspath
org.apiguardian:apiguardian-api:1.1.2=testCompileClasspath
org.junit.jupiter:junit-jupiter-api:5.9.0=testCompileClasspath,testRuntimeClasspath
org.junit.jupiter:junit-jupiter-engine:5.9.0=testRuntimeClasspath
org.junit.platform:junit-platform-commons:1.9.0=testCompileClasspath,testRuntimeClasspath
org.junit.platform:junit-platform-engine:1.9.0=testRuntimeClasspath
org.junit:junit-bom:5.9.0=testCompileClasspath,testRuntimeClasspath
org.opentest4j:opentest4j:1.2.0=testCompileClasspath,testRuntimeClasspath
org.ow2.asm:asm-tree:9.3=annotationProcessor,compileClasspath,runtimeClasspath,testAnnotationProcessor,testCompileClasspath,testRuntimeClasspath
org.ow2.asm:asm:9.3=annotationProcessor,compileClasspath,runtimeClasspath,testAnnotationProcessor,testCompileClasspath,testRuntimeClasspath
empty=
